// !$*UTF8*$!
{
	archiveVersion = 1;
	classes = {
	};
	objectVersion = 56;
	objects = {

/* Begin PBXBuildFile section */
		AA000001 /* PeriodTrackerApp.swift in Sources */ = {isa = PBXBuildFile; fileRef = AB000001; };
		AA000002 /* ContentView.swift in Sources */ = {isa = PBXBuildFile; fileRef = AB000002; };
		AA000003 /* ColorTokens.swift in Sources */ = {isa = PBXBuildFile; fileRef = AB000003; };
		AA000004 /* Typography.swift in Sources */ = {isa = PBXBuildFile; fileRef = AB000004; };
		AA000005 /* Period.swift in Sources */ = {isa = PBXBuildFile; fileRef = AB000005; };
		AA000006 /* APIClient.swift in Sources */ = {isa = PBXBuildFile; fileRef = AB000006; };
		AA000007 /* KeychainHelper.swift in Sources */ = {isa = PBXBuildFile; fileRef = AB000007; };
		AA000008 /* PasswordEntryView.swift in Sources */ = {isa = PBXBuildFile; fileRef = AB000008; };
		AA000009 /* HomeViewModel.swift in Sources */ = {isa = PBXBuildFile; fileRef = AB000009; };
		AA000010 /* CalendarViewModel.swift in Sources */ = {isa = PBXBuildFile; fileRef = AB000010; };
		AA000011 /* LogViewModel.swift in Sources */ = {isa = PBXBuildFile; fileRef = AB000011; };
		AA000012 /* HomeView.swift in Sources */ = {isa = PBXBuildFile; fileRef = AB000012; };
		AA000013 /* PeriodStatusCard.swift in Sources */ = {isa = PBXBuildFile; fileRef = AB000013; };
		AA000014 /* ActionButton.swift in Sources */ = {isa = PBXBuildFile; fileRef = AB000014; };
		AA000015 /* CalendarView.swift in Sources */ = {isa = PBXBuildFile; fileRef = AB000015; };
		AA000016 /* DayCell.swift in Sources */ = {isa = PBXBuildFile; fileRef = AB000016; };
		AA000017 /* LogView.swift in Sources */ = {isa = PBXBuildFile; fileRef = AB000017; };
		AA000018 /* PeriodRow.swift in Sources */ = {isa = PBXBuildFile; fileRef = AB000018; };
		AA000019 /* StatsCard.swift in Sources */ = {isa = PBXBuildFile; fileRef = AB000019; };
		AA000020 /* Assets.xcassets in Resources */ = {isa = PBXBuildFile; fileRef = AB000020; };
/* End PBXBuildFile section */

/* Begin PBXFileReference section */
		AB000001 /* PeriodTrackerApp.swift */ = {isa = PBXFileReference; lastKnownFileType = sourcecode.swift; path = PeriodTrackerApp.swift; sourceTree = "<group>"; };
		AB000002 /* ContentView.swift */ = {isa = PBXFileReference; lastKnownFileType = sourcecode.swift; path = ContentView.swift; sourceTree = "<group>"; };
		AB000003 /* ColorTokens.swift */ = {isa = PBXFileReference; lastKnownFileType = sourcecode.swift; path = ColorTokens.swift; sourceTree = "<group>"; };
		AB000004 /* Typography.swift */ = {isa = PBXFileReference; lastKnownFileType = sourcecode.swift; path = Typography.swift; sourceTree = "<group>"; };
		AB000005 /* Period.swift */ = {isa = PBXFileReference; lastKnownFileType = sourcecode.swift; path = Period.swift; sourceTree = "<group>"; };
		AB000006 /* APIClient.swift */ = {isa = PBXFileReference; lastKnownFileType = sourcecode.swift; path = APIClient.swift; sourceTree = "<group>"; };
		AB000007 /* KeychainHelper.swift */ = {isa = PBXFileReference; lastKnownFileType = sourcecode.swift; path = KeychainHelper.swift; sourceTree = "<group>"; };
		AB000008 /* PasswordEntryView.swift */ = {isa = PBXFileReference; lastKnownFileType = sourcecode.swift; path = PasswordEntryView.swift; sourceTree = "<group>"; };
		AB000009 /* HomeViewModel.swift */ = {isa = PBXFileReference; lastKnownFileType = sourcecode.swift; path = HomeViewModel.swift; sourceTree = "<group>"; };
		AB000010 /* CalendarViewModel.swift */ = {isa = PBXFileReference; lastKnownFileType = sourcecode.swift; path = CalendarViewModel.swift; sourceTree = "<group>"; };
		AB000011 /* LogViewModel.swift */ = {isa = PBXFileReference; lastKnownFileType = sourcecode.swift; path = LogViewModel.swift; sourceTree = "<group>"; };
		AB000012 /* HomeView.swift */ = {isa = PBXFileReference; lastKnownFileType = sourcecode.swift; path = HomeView.swift; sourceTree = "<group>"; };
		AB000013 /* PeriodStatusCard.swift */ = {isa = PBXFileReference; lastKnownFileType = sourcecode.swift; path = PeriodStatusCard.swift; sourceTree = "<group>"; };
		AB000014 /* ActionButton.swift */ = {isa = PBXFileReference; lastKnownFileType = sourcecode.swift; path = ActionButton.swift; sourceTree = "<group>"; };
		AB000015 /* CalendarView.swift */ = {isa = PBXFileReference; lastKnownFileType = sourcecode.swift; path = CalendarView.swift; sourceTree = "<group>"; };
		AB000016 /* DayCell.swift */ = {isa = PBXFileReference; lastKnownFileType = sourcecode.swift; path = DayCell.swift; sourceTree = "<group>"; };
		AB000017 /* LogView.swift */ = {isa = PBXFileReference; lastKnownFileType = sourcecode.swift; path = LogView.swift; sourceTree = "<group>"; };
		AB000018 /* PeriodRow.swift */ = {isa = PBXFileReference; lastKnownFileType = sourcecode.swift; path = PeriodRow.swift; sourceTree = "<group>"; };
		AB000019 /* StatsCard.swift */ = {isa = PBXFileReference; lastKnownFileType = sourcecode.swift; path = StatsCard.swift; sourceTree = "<group>"; };
		AB000020 /* Assets.xcassets */ = {isa = PBXFileReference; lastKnownFileType = folder.assetcatalog; path = Assets.xcassets; sourceTree = "<group>"; };
		AC000001 /* PeriodTracker.app */ = {isa = PBXFileReference; explicitFileType = wrapper.application; includeInIndex = 0; path = PeriodTracker.app; sourceTree = BUILT_PRODUCTS_DIR; };
/* End PBXFileReference section */

/* Begin PBXFrameworksBuildPhase section */
		AD000001 /* Frameworks */ = {
			isa = PBXFrameworksBuildPhase;
			buildActionMask = 2147483647;
			files = (
			);
			runOnlyForDeploymentPostprocessing = 0;
		};
/* End PBXFrameworksBuildPhase section */

/* Begin PBXGroup section */
		AE000001 = {
			isa = PBXGroup;
			children = (
				AE000002 /* PeriodTracker */,
				AE000010 /* Products */,
			);
			sourceTree = "<group>";
		};
		AE000002 /* PeriodTracker */ = {
			isa = PBXGroup;
			children = (
				AB000001 /* PeriodTrackerApp.swift */,
				AB000002 /* ContentView.swift */,
				AE000003 /* Theme */,
				AE000004 /* Models */,
				AE000005 /* Networking */,
				AE000006 /* ViewModels */,
				AE000007 /* Views */,
				AB000020 /* Assets.xcassets */,
			);
			path = PeriodTracker;
			sourceTree = "<group>";
		};
		AE000003 /* Theme */ = {
			isa = PBXGroup;
			children = (
				AB000003 /* ColorTokens.swift */,
				AB000004 /* Typography.swift */,
			);
			path = Theme;
			sourceTree = "<group>";
		};
		AE000004 /* Models */ = {
			isa = PBXGroup;
			children = (
				AB000005 /* Period.swift */,
			);
			path = Models;
			sourceTree = "<group>";
		};
		AE000005 /* Networking */ = {
			isa = PBXGroup;
			children = (
				AB000006 /* APIClient.swift */,
				AB000007 /* KeychainHelper.swift */,
				AB000008 /* PasswordEntryView.swift */,
			);
			path = Networking;
			sourceTree = "<group>";
		};
		AE000006 /* ViewModels */ = {
			isa = PBXGroup;
			children = (
				AB000009 /* HomeViewModel.swift */,
				AB000010 /* CalendarViewModel.swift */,
				AB000011 /* LogViewModel.swift */,
			);
			path = ViewModels;
			sourceTree = "<group>";
		};
		AE000007 /* Views */ = {
			isa = PBXGroup;
			children = (
				AE000008 /* Home */,
				AE000009 /* Calendar */,
				AE000011 /* Log */,
			);
			path = Views;
			sourceTree = "<group>";
		};
		AE000008 /* Home */ = {
			isa = PBXGroup;
			children = (
				AB000012 /* HomeView.swift */,
				AB000013 /* PeriodStatusCard.swift */,
				AB000014 /* ActionButton.swift */,
			);
			path = Home;
			sourceTree = "<group>";
		};
		AE000009 /* Calendar */ = {
			isa = PBXGroup;
			children = (
				AB000015 /* CalendarView.swift */,
				AB000016 /* DayCell.swift */,
			);
			path = Calendar;
			sourceTree = "<group>";
		};
		AE000010 /* Products */ = {
			isa = PBXGroup;
			children = (
				AC000001 /* PeriodTracker.app */,
			);
			name = Products;
			sourceTree = "<group>";
		};
		AE000011 /* Log */ = {
			isa = PBXGroup;
			children = (
				AB000017 /* LogView.swift */,
				AB000018 /* PeriodRow.swift */,
				AB000019 /* StatsCard.swift */,
			);
			path = Log;
			sourceTree = "<group>";
		};
/* End PBXGroup section */

/* Begin PBXNativeTarget section */
		AF000001 /* PeriodTracker */ = {
			isa = PBXNativeTarget;
			buildConfigurationList = AG000003;
			buildPhases = (
				AF000002 /* Sources */,
				AD000001 /* Frameworks */,
				AF000003 /* Resources */,
			);
			buildRules = (
			);
			dependencies = (
			);
			name = PeriodTracker;
			productName = PeriodTracker;
			productReference = AC000001 /* PeriodTracker.app */;
			productType = "com.apple.product-type.application";
		};
/* End PBXNativeTarget section */

/* Begin PBXProject section */
		AH000001 /* Project object */ = {
			isa = PBXProject;
			attributes = {
				BuildIndependentTargetsInParallel = 1;
				LastSwiftUpdateCheck = 1600;
				LastUpgradeCheck = 1600;
				TargetAttributes = {
					AF000001 = {
						CreatedOnToolsVersion = 16.0;
					};
				};
			};
			buildConfigurationList = AG000001;
			compatibilityVersion = "Xcode 14.0";
			developmentRegion = en;
			hasScannedForEncodings = 0;
			knownRegions = (
				en,
				Base,
			);
			mainGroup = AE000001;
			productRefGroup = AE000010 /* Products */;
			projectDirPath = "";
			projectRoot = "";
			targets = (
				AF000001 /* PeriodTracker */,
			);
		};
/* End PBXProject section */

/* Begin PBXResourcesBuildPhase section */
		AF000003 /* Resources */ = {
			isa = PBXResourcesBuildPhase;
			buildActionMask = 2147483647;
			files = (
				AA000020 /* Assets.xcassets in Resources */,
			);
			runOnlyForDeploymentPostprocessing = 0;
		};
/* End PBXResourcesBuildPhase section */

/* Begin PBXSourcesBuildPhase section */
		AF000002 /* Sources */ = {
			isa = PBXSourcesBuildPhase;
			buildActionMask = 2147483647;
			files = (
				AA000001 /* PeriodTrackerApp.swift in Sources */,
				AA000002 /* ContentView.swift in Sources */,
				AA000003 /* ColorTokens.swift in Sources */,
				AA000004 /* Typography.swift in Sources */,
				AA000005 /* Period.swift in Sources */,
				AA000006 /* APIClient.swift in Sources */,
				AA000007 /* KeychainHelper.swift in Sources */,
				AA000008 /* PasswordEntryView.swift in Sources */,
				AA000009 /* HomeViewModel.swift in Sources */,
				AA000010 /* CalendarViewModel.swift in Sources */,
				AA000011 /* LogViewModel.swift in Sources */,
				AA000012 /* HomeView.swift in Sources */,
				AA000013 /* PeriodStatusCard.swift in Sources */,
				AA000014 /* ActionButton.swift in Sources */,
				AA000015 /* CalendarView.swift in Sources */,
				AA000016 /* DayCell.swift in Sources */,
				AA000017 /* LogView.swift in Sources */,
				AA000018 /* PeriodRow.swift in Sources */,
				AA000019 /* StatsCard.swift in Sources */,
			);
			runOnlyForDeploymentPostprocessing = 0;
		};
/* End PBXSourcesBuildPhase section */

/* Begin XCBuildConfiguration section */
		AG000002 /* Debug */ = {
			isa = XCBuildConfiguration;
			buildSettings = {
				ALWAYS_SEARCH_USER_PATHS = NO;
				ASSETCATALOG_COMPILER_GENERATE_SWIFT_ASSET_SYMBOL_EXTENSIONS = YES;
				CLANG_ANALYZER_NONNULL = YES;
				CLANG_CXX_LANGUAGE_STANDARD = "gnu++20";
				CLANG_ENABLE_MODULES = YES;
				CLANG_ENABLE_OBJC_ARC = YES;
				CLANG_WARN_BLOCK_CAPTURE_AUTORELEASING = YES;
				CLANG_WARN_BOOL_CONVERSION = YES;
				CLANG_WARN_COMMA = YES;
				CLANG_WARN_CONSTANT_CONVERSION = YES;
				CLANG_WARN_DEPRECATED_OBJC_IMPLEMENTATIONS = YES;
				CLANG_WARN_DIRECT_OBJC_ISA_USAGE = YES_ERROR;
				CLANG_WARN_EMPTY_BODY = YES;
				CLANG_WARN_ENUM_CONVERSION = YES;
				CLANG_WARN_INFINITE_RECURSION = YES;
				CLANG_WARN_INT_CONVERSION = YES;
				CLANG_WARN_OBJC_IMPLICIT_RETAIN_SELF = YES;
				CLANG_WARN_OBJC_LITERAL_CONVERSION = YES;
				CLANG_WARN_OBJC_ROOT_CLASS = YES_ERROR;
				CLANG_WARN_QUOTED_INCLUDE_IN_FRAMEWORK_HEADER = YES;
				CLANG_WARN_RANGE_LOOP_ANALYSIS = YES;
				CLANG_WARN_STRICT_PROTOTYPES = YES;
				CLANG_WARN_SUSPICIOUS_MOVE = YES;
				CLANG_WARN_UNGUARDED_AVAILABILITY = YES_AGGRESSIVE;
				CLANG_WARN_UNREACHABLE_CODE = YES;
				CLANG_WARN__DUPLICATE_METHOD_MATCH = YES;
				COPY_PHASE_STRIP = NO;
				DEBUG_INFORMATION_FORMAT = dwarf;
				ENABLE_STRICT_OBJC_MSGSEND = YES;
				ENABLE_TESTABILITY = YES;
				GCC_DYNAMIC_NO_PIC = NO;
				GCC_NO_COMMON_BLOCKS = YES;
				GCC_OPTIMIZATION_LEVEL = 0;
				GCC_PREPROCESSOR_DEFINITIONS = (
					"DEBUG=1",
					"$(inherited)",
				);
				GCC_WARN_64_TO_32_BIT_CONVERSION = YES;
				GCC_WARN_ABOUT_RETURN_TYPE = YES_ERROR;
				GCC_WARN_UNDECLARED_SELECTOR = YES;
				GCC_WARN_UNINITIALIZED_AUTOS = YES_AGGRESSIVE;
				GCC_WARN_UNUSED_FUNCTION = YES;
				GCC_WARN_UNUSED_VARIABLE = YES;
				IPHONEOS_DEPLOYMENT_TARGET = 17.0;
				MTL_ENABLE_DEBUG_INFO = INCLUDE_SOURCE;
				MTL_FAST_MATH = YES;
				ONLY_ACTIVE_ARCH = YES;
				SDKROOT = iphoneos;
				SWIFT_ACTIVE_COMPILATION_CONDITIONS = "$(inherited) DEBUG";
				SWIFT_OPTIMIZATION_LEVEL = "-Onone";
			};
			name = Debug;
		};
		AG000004 /* Release */ = {
			isa = XCBuildConfiguration;
			buildSettings = {
				ALWAYS_SEARCH_USER_PATHS = NO;
				ASSETCATALOG_COMPILER_GENERATE_SWIFT_ASSET_SYMBOL_EXTENSIONS = YES;
				CLANG_ANALYZER_NONNULL = YES;
				CLANG_CXX_LANGUAGE_STANDARD = "gnu++20";
				CLANG_ENABLE_MODULES = YES;
				CLANG_ENABLE_OBJC_ARC = YES;
				CLANG_WARN_BLOCK_CAPTURE_AUTORELEASING = YES;
				CLANG_WARN_BOOL_CONVERSION = YES;
				CLANG_WARN_COMMA = YES;
				CLANG_WARN_CONSTANT_CONVERSION = YES;
				CLANG_WARN_DEPRECATED_OBJC_IMPLEMENTATIONS = YES;
				CLANG_WARN_DIRECT_OBJC_ISA_USAGE = YES_ERROR;
				CLANG_WARN_EMPTY_BODY = YES;
				CLANG_WARN_ENUM_CONVERSION = YES;
				CLANG_WARN_INFINITE_RECURSION = YES;
				CLANG_WARN_INT_CONVERSION = YES;
				CLANG_WARN_OBJC_IMPLICIT_RETAIN_SELF = YES;
				CLANG_WARN_OBJC_LITERAL_CONVERSION = YES;
				CLANG_WARN_OBJC_ROOT_CLASS = YES_ERROR;
				CLANG_WARN_QUOTED_INCLUDE_IN_FRAMEWORK_HEADER = YES;
				CLANG_WARN_RANGE_LOOP_ANALYSIS = YES;
				CLANG_WARN_STRICT_PROTOTYPES = YES;
				CLANG_WARN_SUSPICIOUS_MOVE = YES;
				CLANG_WARN_UNGUARDED_AVAILABILITY = YES_AGGRESSIVE;
				CLANG_WARN_UNREACHABLE_CODE = YES;
				CLANG_WARN__DUPLICATE_METHOD_MATCH = YES;
				COPY_PHASE_STRIP = NO;
				DEBUG_INFORMATION_FORMAT = "dwarf-with-dsym";
				ENABLE_NS_ASSERTIONS = NO;
				ENABLE_STRICT_OBJC_MSGSEND = YES;
				GCC_NO_COMMON_BLOCKS = YES;
				GCC_WARN_64_TO_32_BIT_CONVERSION = YES;
				GCC_WARN_ABOUT_RETURN_TYPE = YES_ERROR;
				GCC_WARN_UNDECLARED_SELECTOR = YES;
				GCC_WARN_UNINITIALIZED_AUTOS = YES_AGGRESSIVE;
				GCC_WARN_UNUSED_FUNCTION = YES;
				GCC_WARN_UNUSED_VARIABLE = YES;
				IPHONEOS_DEPLOYMENT_TARGET = 17.0;
				MTL_FAST_MATH = YES;
				SDKROOT = iphoneos;
				SWIFT_COMPILATION_MODE = wholemodule;
				VALIDATE_PRODUCT = YES;
			};
			name = Release;
		};
		AG000005 /* Debug */ = {
			isa = XCBuildConfiguration;
			buildSettings = {
				ASSETCATALOG_COMPILER_APPICON_NAME = AppIcon;
				ASSETCATALOG_COMPILER_GLOBAL_ACCENT_COLOR_NAME = AccentColor;
				CODE_SIGN_STYLE = Automatic;
				CURRENT_PROJECT_VERSION = 1;
				GENERATE_INFOPLIST_FILE = YES;
				INFOPLIST_FILE = PeriodTracker/Info.plist;
				INFOPLIST_KEY_UIApplicationSceneManifest_Generation = YES;
				INFOPLIST_KEY_UIApplicationSupportsIndirectInputEvents = YES;
				INFOPLIST_KEY_UILaunchScreen_Generation = YES;
				INFOPLIST_KEY_UISupportedInterfaceOrientations_iPad = "UIInterfaceOrientationPortrait UIInterfaceOrientationPortraitUpsideDown UIInterfaceOrientationLandscapeLeft UIInterfaceOrientationLandscapeRight";
				INFOPLIST_KEY_UISupportedInterfaceOrientations_iPhone = "UIInterfaceOrientationPortrait UIInterfaceOrientationLandscapeLeft UIInterfaceOrientationLandscapeRight";
				LD_RUNPATH_SEARCH_PATHS = (
					"$(inherited)",
					"@executable_path/Frameworks",
				);
				MARKETING_VERSION = 1.0;
				PRODUCT_BUNDLE_IDENTIFIER = com.periodtracker.app;
				PRODUCT_NAME = "$(TARGET_NAME)";
				SWIFT_EMIT_LOC_STRINGS = YES;
				SWIFT_VERSION = 5.0;
				TARGETED_DEVICE_FAMILY = "1,2";
			};
			name = Debug;
		};
		AG000006 /* Release */ = {
			isa = XCBuildConfiguration;
			buildSettings = {
				ASSETCATALOG_COMPILER_APPICON_NAME = AppIcon;
				ASSETCATALOG_COMPILER_GLOBAL_ACCENT_COLOR_NAME = AccentColor;
				CODE_SIGN_STYLE = Automatic;
				CURRENT_PROJECT_VERSION = 1;
				GENERATE_INFOPLIST_FILE = YES;
				INFOPLIST_FILE = PeriodTracker/Info.plist;
				INFOPLIST_KEY_UIApplicationSceneManifest_Generation = YES;
				INFOPLIST_KEY_UIApplicationSupportsIndirectInputEvents = YES;
				INFOPLIST_KEY_UILaunchScreen_Generation = YES;
				INFOPLIST_KEY_UISupportedInterfaceOrientations_iPad = "UIInterfaceOrientationPortrait UIInterfaceOrientationPortraitUpsideDown UIInterfaceOrientationLandscapeLeft UIInterfaceOrientationLandscapeRight";
				INFOPLIST_KEY_UISupportedInterfaceOrientations_iPhone = "UIInterfaceOrientationPortrait UIInterfaceOrientationLandscapeLeft UIInterfaceOrientationLandscapeRight";
				LD_RUNPATH_SEARCH_PATHS = (
					"$(inherited)",
					"@executable_path/Frameworks",
				);
				MARKETING_VERSION = 1.0;
				PRODUCT_BUNDLE_IDENTIFIER = com.periodtracker.app;
				PRODUCT_NAME = "$(TARGET_NAME)";
				SWIFT_EMIT_LOC_STRINGS = YES;
				SWIFT_VERSION = 5.0;
				TARGETED_DEVICE_FAMILY = "1,2";
			};
			name = Release;
		};
/* End XCBuildConfiguration section */

/* Begin XCConfigurationList section */
		AG000001 /* Build configuration list for PBXProject "PeriodTracker" */ = {
			isa = XCConfigurationList;
			buildConfigurations = (
				AG000002 /* Debug */,
				AG000004 /* Release */,
			);
			defaultConfigurationIsVisible = 0;
			defaultConfigurationName = Release;
		};
		AG000003 /* Build configuration list for PBXNativeTarget "PeriodTracker" */ = {
			isa = XCConfigurationList;
			buildConfigurations = (
				AG000005 /* Debug */,
				AG000006 /* Release */,
			);
			defaultConfigurationIsVisible = 0;
			defaultConfigurationName = Release;
		};
/* End XCConfigurationList section */
	};
	rootObject = AH000001 /* Project object */;
}
